{
  "pins" : [
    {
      "identity" : "kingfisher",
      "kind" : "remoteSourceControl",
      "location" : "https://github.com/onevcat/Kingfisher",
      "state" : {
        "branch" : "master",
        "revision" : "02fe295308c12fac7f101e085e3c345965d295a1"
      }
    },
    {
      "identity" : "sqlite.swift",
      "kind" : "remoteSourceControl",
      "location" : "https://github.com/stephencelis/SQLite.swift",
      "state" : {
        "branch" : "master",
        "revision" : "578be41c9f280b17c9ab77ac76bbdc393b0ea121"
      }
    }
  ],
  "version" : 2
}
